
Microsoft Visual Studio Solution File, Format Version 12.00
# Visual Studio Version 17
VisualStudioVersion = 17.13.35919.96 d17.13
MinimumVisualStudioVersion = 10.0.40219.1
Project("{FAE04EC0-301F-11D3-BF4B-00C04F79EFBC}") = "EntityFrameworkeCookBook", "EntityFrameworkeCookBook.csproj", "{B38F1567-99BB-4212-B07B-C5017D86D698}"
EndProject
Global
	GlobalSection(SolutionConfigurationPlatforms) = preSolution
		Debug|Any CPU = Debug|Any CPU
		Release|Any CPU = Release|Any CPU
	EndGlobalSection
	GlobalSection(ProjectConfigurationPlatforms) = postSolution
		{B38F1567-99BB-4212-B07B-C5017D86D698}.Debug|Any CPU.ActiveCfg = Debug|Any CPU
		{B38F1567-99BB-4212-B07B-C5017D86D698}.Debug|Any CPU.Build.0 = Debug|Any CPU
		{B38F1567-99BB-4212-B07B-C5017D86D698}.Release|Any CPU.ActiveCfg = Release|Any CPU
		{B38F1567-99BB-4212-B07B-C5017D86D698}.Release|Any CPU.Build.0 = Release|Any CPU
	EndGlobalSection
	GlobalSection(SolutionProperties) = preSolution
		HideSolutionNode = FALSE
	EndGlobalSection
	GlobalSection(ExtensibilityGlobals) = postSolution
		SolutionGuid = {D509EC3E-AA53-4C88-8185-BF82F4E61D66}
	EndGlobalSection
EndGlobal
